
Microsoft Visual Studio Solution File, Format Version 12.00
# Visual Studio Version 16
VisualStudioVersion = 16.0.29020.237
MinimumVisualStudioVersion = 10.0.40219.1
Project("{FAE04EC0-301F-11D3-BF4B-00C04F79EFBC}") = "FuturePunk", "FuturePunk.csproj", "{5562CF0D-6ADB-464F-9D1A-C6727D805AA2}"
EndProject
Global
	GlobalSection(SolutionConfigurationPlatforms) = preSolution
		Debug|Any CPU = Debug|Any CPU
		Release|Any CPU = Release|Any CPU
	EndGlobalSection
	GlobalSection(ProjectConfigurationPlatforms) = postSolution
		{5562CF0D-6ADB-464F-9D1A-C6727D805AA2}.Debug|Any CPU.ActiveCfg = Debug|Any CPU
		{5562CF0D-6ADB-464F-9D1A-C6727D805AA2}.Debug|Any CPU.Build.0 = Debug|Any CPU
		{5562CF0D-6ADB-464F-9D1A-C6727D805AA2}.Release|Any CPU.ActiveCfg = Release|Any CPU
		{5562CF0D-6ADB-464F-9D1A-C6727D805AA2}.Release|Any CPU.Build.0 = Release|Any CPU
	EndGlobalSection
	GlobalSection(SolutionProperties) = preSolution
		HideSolutionNode = FALSE
	EndGlobalSection
	GlobalSection(ExtensibilityGlobals) = postSolution
		SolutionGuid = {32E8271F-2A6D-4E2E-8E95-78FD4111EC32}
	EndGlobalSection
EndGlobal
